// !$*UTF8*$!
{
	archiveVersion = 1;
	classes = {
	};
	objectVersion = 46;
	objects = {

/* Begin PBXBuildFile section */
		4F9B96F01DFC1D8D00019F48 /* JDJellyMainButton.swift in Sources */ = {isa = PBXBuildFile; fileRef = 4F9B96EF1DFC1D8D00019F48 /* JDJellyMainButton.swift */; };
		6B70C4B31DFA50EA00658345 /* AppDelegate.swift in Sources */ = {isa = PBXBuildFile; fileRef = 6B70C4B21DFA50EA00658345 /* AppDelegate.swift */; };
		6B70C4B51DFA50EA00658345 /* ViewController.swift in Sources */ = {isa = PBXBuildFile; fileRef = 6B70C4B41DFA50EA00658345 /* ViewController.swift */; };
		6B70C4B81DFA50EA00658345 /* Main.storyboard in Resources */ = {isa = PBXBuildFile; fileRef = 6B70C4B61DFA50EA00658345 /* Main.storyboard */; };
		6B70C4BA1DFA50EA00658345 /* Assets.xcassets in Resources */ = {isa = PBXBuildFile; fileRef = 6B70C4B91DFA50EA00658345 /* Assets.xcassets */; };
		6B70C4BD1DFA50EA00658345 /* LaunchScreen.storyboard in Resources */ = {isa = PBXBuildFile; fileRef = 6B70C4BB1DFA50EA00658345 /* LaunchScreen.storyboard */; };
		6B70C4C61DFA512600658345 /* JDJellyButton.swift in Sources */ = {isa = PBXBuildFile; fileRef = 6B70C4C51DFA512600658345 /* JDJellyButton.swift */; };
		6B70C4C81DFA55C200658345 /* JDJellyButtonView.swift in Sources */ = {isa = PBXBuildFile; fileRef = 6B70C4C71DFA55C200658345 /* JDJellyButtonView.swift */; };
/* End PBXBuildFile section */

/* Begin PBXFileReference section */
		4F9B96EF1DFC1D8D00019F48 /* JDJellyMainButton.swift */ = {isa = PBXFileReference; fileEncoding = 4; lastKnownFileType = sourcecode.swift; path = JDJellyMainButton.swift; sourceTree = "<group>"; };
		6B70C4AF1DFA50EA00658345 /* JDJellyButton.app */ = {isa = PBXFileReference; explicitFileType = wrapper.application; includeInIndex = 0; path = JDJellyButton.app; sourceTree = BUILT_PRODUCTS_DIR; };
		6B70C4B21DFA50EA00658345 /* AppDelegate.swift */ = {isa = PBXFileReference; lastKnownFileType = sourcecode.swift; path = AppDelegate.swift; sourceTree = "<group>"; };
		6B70C4B41DFA50EA00658345 /* ViewController.swift */ = {isa = PBXFileReference; lastKnownFileType = sourcecode.swift; path = ViewController.swift; sourceTree = "<group>"; };
		6B70C4B71DFA50EA00658345 /* Base */ = {isa = PBXFileReference; lastKnownFileType = file.storyboard; name = Base; path = Base.lproj/Main.storyboard; sourceTree = "<group>"; };
		6B70C4B91DFA50EA00658345 /* Assets.xcassets */ = {isa = PBXFileReference; lastKnownFileType = folder.assetcatalog; path = Assets.xcassets; sourceTree = "<group>"; };
		6B70C4BC1DFA50EA00658345 /* Base */ = {isa = PBXFileReference; lastKnownFileType = file.storyboard; name = Base; path = Base.lproj/LaunchScreen.storyboard; sourceTree = "<group>"; };
		6B70C4BE1DFA50EA00658345 /* Info.plist */ = {isa = PBXFileReference; lastKnownFileType = text.plist.xml; path = Info.plist; sourceTree = "<group>"; };
		6B70C4C51DFA512600658345 /* JDJellyButton.swift */ = {isa = PBXFileReference; fileEncoding = 4; lastKnownFileType = sourcecode.swift; path = JDJellyButton.swift; sourceTree = "<group>"; };
		6B70C4C71DFA55C200658345 /* JDJellyButtonView.swift */ = {isa = PBXFileReference; fileEncoding = 4; lastKnownFileType = sourcecode.swift; path = JDJellyButtonView.swift; sourceTree = "<group>"; };
/* End PBXFileReference section */

/* Begin PBXFrameworksBuildPhase section */
		6B70C4AC1DFA50EA00658345 /* Frameworks */ = {
			isa = PBXFrameworksBuildPhase;
			buildActionMask = 2147483647;
			files = (
			);
			runOnlyForDeploymentPostprocessing = 0;
		};
/* End PBXFrameworksBuildPhase section */

/* Begin PBXGroup section */
		6B70C4A61DFA50EA00658345 = {
			isa = PBXGroup;
			children = (
				6B70C4B11DFA50EA00658345 /* JDJellyButton */,
				6B70C4B01DFA50EA00658345 /* Products */,
			);
			sourceTree = "<group>";
		};
		6B70C4B01DFA50EA00658345 /* Products */ = {
			isa = PBXGroup;
			children = (
				6B70C4AF1DFA50EA00658345 /* JDJellyButton.app */,
			);
			name = Products;
			sourceTree = "<group>";
		};
		6B70C4B11DFA50EA00658345 /* JDJellyButton */ = {
			isa = PBXGroup;
			children = (
				6B70C4C41DFA510000658345 /* JDJellyButton */,
				6B70C4B21DFA50EA00658345 /* AppDelegate.swift */,
				6B70C4B41DFA50EA00658345 /* ViewController.swift */,
				6B70C4B61DFA50EA00658345 /* Main.storyboard */,
				6B70C4B91DFA50EA00658345 /* Assets.xcassets */,
				6B70C4BB1DFA50EA00658345 /* LaunchScreen.storyboard */,
				6B70C4BE1DFA50EA00658345 /* Info.plist */,
			);
			path = JDJellyButton;
			sourceTree = "<group>";
		};
		6B70C4C41DFA510000658345 /* JDJellyButton */ = {
			isa = PBXGroup;
			children = (
				6B70C4C51DFA512600658345 /* JDJellyButton.swift */,
				6B70C4C71DFA55C200658345 /* JDJellyButtonView.swift */,
				4F9B96EF1DFC1D8D00019F48 /* JDJellyMainButton.swift */,
			);
			name = JDJellyButton;
			sourceTree = "<group>";
		};
/* End PBXGroup section */

/* Begin PBXNativeTarget section */
		6B70C4AE1DFA50EA00658345 /* JDJellyButton */ = {
			isa = PBXNativeTarget;
			buildConfigurationList = 6B70C4C11DFA50EA00658345 /* Build configuration list for PBXNativeTarget "JDJellyButton" */;
			buildPhases = (
				6B70C4AB1DFA50EA00658345 /* Sources */,
				6B70C4AC1DFA50EA00658345 /* Frameworks */,
				6B70C4AD1DFA50EA00658345 /* Resources */,
			);
			buildRules = (
			);
			dependencies = (
			);
			name = JDJellyButton;
			productName = JDJellyButton;
			productReference = 6B70C4AF1DFA50EA00658345 /* JDJellyButton.app */;
			productType = "com.apple.product-type.application";
		};
/* End PBXNativeTarget section */

/* Begin PBXProject section */
		6B70C4A71DFA50EA00658345 /* Project object */ = {
			isa = PBXProject;
			attributes = {
				LastSwiftUpdateCheck = 0800;
				LastUpgradeCheck = 0800;
				ORGANIZATIONNAME = jamesdouble;
				TargetAttributes = {
					6B70C4AE1DFA50EA00658345 = {
						CreatedOnToolsVersion = 8.0;
						DevelopmentTeam = 857SMZQ3R8;
						ProvisioningStyle = Automatic;
					};
				};
			};
			buildConfigurationList = 6B70C4AA1DFA50EA00658345 /* Build configuration list for PBXProject "JDJellyButton" */;
			compatibilityVersion = "Xcode 3.2";
			developmentRegion = English;
			hasScannedForEncodings = 0;
			knownRegions = (
				en,
				Base,
			);
			mainGroup = 6B70C4A61DFA50EA00658345;
			productRefGroup = 6B70C4B01DFA50EA00658345 /* Products */;
			projectDirPath = "";
			projectRoot = "";
			targets = (
				6B70C4AE1DFA50EA00658345 /* JDJellyButton */,
			);
		};
/* End PBXProject section */

/* Begin PBXResourcesBuildPhase section */
		6B70C4AD1DFA50EA00658345 /* Resources */ = {
			isa = PBXResourcesBuildPhase;
			buildActionMask = 2147483647;
			files = (
				6B70C4BD1DFA50EA00658345 /* LaunchScreen.storyboard in Resources */,
				6B70C4BA1DFA50EA00658345 /* Assets.xcassets in Resources */,
				6B70C4B81DFA50EA00658345 /* Main.storyboard in Resources */,
			);
			runOnlyForDeploymentPostprocessing = 0;
		};
/* End PBXResourcesBuildPhase section */

/* Begin PBXSourcesBuildPhase section */
		6B70C4AB1DFA50EA00658345 /* Sources */ = {
			isa = PBXSourcesBuildPhase;
			buildActionMask = 2147483647;
			files = (
				6B70C4C61DFA512600658345 /* JDJellyButton.swift in Sources */,
				6B70C4B51DFA50EA00658345 /* ViewController.swift in Sources */,
				4F9B96F01DFC1D8D00019F48 /* JDJellyMainButton.swift in Sources */,
				6B70C4B31DFA50EA00658345 /* AppDelegate.swift in Sources */,
				6B70C4C81DFA55C200658345 /* JDJellyButtonView.swift in Sources */,
			);
			runOnlyForDeploymentPostprocessing = 0;
		};
/* End PBXSourcesBuildPhase section */

/* Begin PBXVariantGroup section */
		6B70C4B61DFA50EA00658345 /* Main.storyboard */ = {
			isa = PBXVariantGroup;
			children = (
				6B70C4B71DFA50EA00658345 /* Base */,
			);
			name = Main.storyboard;
			sourceTree = "<group>";
		};
		6B70C4BB1DFA50EA00658345 /* LaunchScreen.storyboard */ = {
			isa = PBXVariantGroup;
			children = (
				6B70C4BC1DFA50EA00658345 /* Base */,
			);
			name = LaunchScreen.storyboard;
			sourceTree = "<group>";
		};
/* End PBXVariantGroup section */

/* Begin XCBuildConfiguration section */
		6B70C4BF1DFA50EA00658345 /* Debug */ = {
			isa = XCBuildConfiguration;
			buildSettings = {
				ALWAYS_SEARCH_USER_PATHS = NO;
				CLANG_ANALYZER_NONNULL = YES;
				CLANG_CXX_LANGUAGE_STANDARD = "gnu++0x";
				CLANG_CXX_LIBRARY = "libc++";
				CLANG_ENABLE_MODULES = YES;
				CLANG_ENABLE_OBJC_ARC = YES;
				CLANG_WARN_BOOL_CONVERSION = YES;
				CLANG_WARN_CONSTANT_CONVERSION = YES;
				CLANG_WARN_DIRECT_OBJC_ISA_USAGE = YES_ERROR;
				CLANG_WARN_DOCUMENTATION_COMMENTS = YES;
				CLANG_WARN_EMPTY_BODY = YES;
				CLANG_WARN_ENUM_CONVERSION = YES;
				CLANG_WARN_INFINITE_RECURSION = YES;
				CLANG_WARN_INT_CONVERSION = YES;
				CLANG_WARN_OBJC_ROOT_CLASS = YES_ERROR;
				CLANG_WARN_SUSPICIOUS_MOVES = YES;
				CLANG_WARN_UNREACHABLE_CODE = YES;
				CLANG_WARN__DUPLICATE_METHOD_MATCH = YES;
				"CODE_SIGN_IDENTITY[sdk=iphoneos*]" = "iPhone Developer";
				COPY_PHASE_STRIP = NO;
				DEBUG_INFORMATION_FORMAT = dwarf;
				ENABLE_STRICT_OBJC_MSGSEND = YES;
				ENABLE_TESTABILITY = YES;
				GCC_C_LANGUAGE_STANDARD = gnu99;
				GCC_DYNAMIC_NO_PIC = NO;
				GCC_NO_COMMON_BLOCKS = YES;
				GCC_OPTIMIZATION_LEVEL = 0;
				GCC_PREPROCESSOR_DEFINITIONS = (
					"DEBUG=1",
					"$(inherited)",
				);
				GCC_WARN_64_TO_32_BIT_CONVERSION = YES;
				GCC_WARN_ABOUT_RETURN_TYPE = YES_ERROR;
				GCC_WARN_UNDECLARED_SELECTOR = YES;
				GCC_WARN_UNINITIALIZED_AUTOS = YES_AGGRESSIVE;
				GCC_WARN_UNUSED_FUNCTION = YES;
				GCC_WARN_UNUSED_VARIABLE = YES;
				IPHONEOS_DEPLOYMENT_TARGET = 10.0;
				MTL_ENABLE_DEBUG_INFO = YES;
				ONLY_ACTIVE_ARCH = YES;
				SDKROOT = iphoneos;
				SWIFT_ACTIVE_COMPILATION_CONDITIONS = DEBUG;
				SWIFT_OPTIMIZATION_LEVEL = "-Onone";
			};
			name = Debug;
		};
		6B70C4C01DFA50EA00658345 /* Release */ = {
			isa = XCBuildConfiguration;
			buildSettings = {
				ALWAYS_SEARCH_USER_PATHS = NO;
				CLANG_ANALYZER_NONNULL = YES;
				CLANG_CXX_LANGUAGE_STANDARD = "gnu++0x";
				CLANG_CXX_LIBRARY = "libc++";
				CLANG_ENABLE_MODULES = YES;
				CLANG_ENABLE_OBJC_ARC = YES;
				CLANG_WARN_BOOL_CONVERSION = YES;
				CLANG_WARN_CONSTANT_CONVERSION = YES;
				CLANG_WARN_DIRECT_OBJC_ISA_USAGE = YES_ERROR;
				CLANG_WARN_DOCUMENTATION_COMMENTS = YES;
				CLANG_WARN_EMPTY_BODY = YES;
				CLANG_WARN_ENUM_CONVERSION = YES;
				CLANG_WARN_INFINITE_RECURSION = YES;
				CLANG_WARN_INT_CONVERSION = YES;
				CLANG_WARN_OBJC_ROOT_CLASS = YES_ERROR;
				CLANG_WARN_SUSPICIOUS_MOVES = YES;
				CLANG_WARN_UNREACHABLE_CODE = YES;
				CLANG_WARN__DUPLICATE_METHOD_MATCH = YES;
				"CODE_SIGN_IDENTITY[sdk=iphoneos*]" = "iPhone Developer";
				COPY_PHASE_STRIP = NO;
				DEBUG_INFORMATION_FORMAT = "dwarf-with-dsym";
				ENABLE_NS_ASSERTIONS = NO;
				ENABLE_STRICT_OBJC_MSGSEND = YES;
				GCC_C_LANGUAGE_STANDARD = gnu99;
				GCC_NO_COMMON_BLOCKS = YES;
				GCC_WARN_64_TO_32_BIT_CONVERSION = YES;
				GCC_WARN_ABOUT_RETURN_TYPE = YES_ERROR;
				GCC_WARN_UNDECLARED_SELECTOR = YES;
				GCC_WARN_UNINITIALIZED_AUTOS = YES_AGGRESSIVE;
				GCC_WARN_UNUSED_FUNCTION = YES;
				GCC_WARN_UNUSED_VARIABLE = YES;
				IPHONEOS_DEPLOYMENT_TARGET = 10.0;
				MTL_ENABLE_DEBUG_INFO = NO;
				SDKROOT = iphoneos;
				SWIFT_OPTIMIZATION_LEVEL = "-Owholemodule";
				VALIDATE_PRODUCT = YES;
			};
			name = Release;
		};
		6B70C4C21DFA50EA00658345 /* Debug */ = {
			isa = XCBuildConfiguration;
			buildSettings = {
				ASSETCATALOG_COMPILER_APPICON_NAME = AppIcon;
				DEVELOPMENT_TEAM = 857SMZQ3R8;
				INFOPLIST_FILE = JDJellyButton/Info.plist;
				IPHONEOS_DEPLOYMENT_TARGET = 8.0;
				LD_RUNPATH_SEARCH_PATHS = "$(inherited) @executable_path/Frameworks";
				PRODUCT_BUNDLE_IDENTIFIER = com.jamesdouble.JDJellyButton;
				PRODUCT_NAME = "$(TARGET_NAME)";
				SWIFT_VERSION = 3.0;
			};
			name = Debug;
		};
		6B70C4C31DFA50EA00658345 /* Release */ = {
			isa = XCBuildConfiguration;
			buildSettings = {
				ASSETCATALOG_COMPILER_APPICON_NAME = AppIcon;
				DEVELOPMENT_TEAM = 857SMZQ3R8;
				INFOPLIST_FILE = JDJellyButton/Info.plist;
				IPHONEOS_DEPLOYMENT_TARGET = 8.0;
				LD_RUNPATH_SEARCH_PATHS = "$(inherited) @executable_path/Frameworks";
				PRODUCT_BUNDLE_IDENTIFIER = com.jamesdouble.JDJellyButton;
				PRODUCT_NAME = "$(TARGET_NAME)";
				SWIFT_VERSION = 3.0;
			};
			name = Release;
		};
/* End XCBuildConfiguration section */

/* Begin XCConfigurationList section */
		6B70C4AA1DFA50EA00658345 /* Build configuration list for PBXProject "JDJellyButton" */ = {
			isa = XCConfigurationList;
			buildConfigurations = (
				6B70C4BF1DFA50EA00658345 /* Debug */,
				6B70C4C01DFA50EA00658345 /* Release */,
			);
			defaultConfigurationIsVisible = 0;
			defaultConfigurationName = Release;
		};
		6B70C4C11DFA50EA00658345 /* Build configuration list for PBXNativeTarget "JDJellyButton" */ = {
			isa = XCConfigurationList;
			buildConfigurations = (
				6B70C4C21DFA50EA00658345 /* Debug */,
				6B70C4C31DFA50EA00658345 /* Release */,
			);
			defaultConfigurationIsVisible = 0;
			defaultConfigurationName = Release;
		};
/* End XCConfigurationList section */
	};
	rootObject = 6B70C4A71DFA50EA00658345 /* Project object */;
}
